
Microsoft Visual Studio Solution File, Format Version 12.00
# Visual Studio Version 17
VisualStudioVersion = 17.11.35222.181
MinimumVisualStudioVersion = 10.0.40219.1
Project("{FAE04EC0-301F-11D3-BF4B-00C04F79EFBC}") = "Evaluation Manager", "Evaluation Manager\Evaluation Manager.csproj", "{41825A4D-D2B1-47ED-8B4F-ED89F4F15BB3}"
EndProject
Global
	GlobalSection(SolutionConfigurationPlatforms) = preSolution
		Debug|Any CPU = Debug|Any CPU
		Release|Any CPU = Release|Any CPU
	EndGlobalSection
	GlobalSection(ProjectConfigurationPlatforms) = postSolution
		{41825A4D-D2B1-47ED-8B4F-ED89F4F15BB3}.Debug|Any CPU.ActiveCfg = Debug|Any CPU
		{41825A4D-D2B1-47ED-8B4F-ED89F4F15BB3}.Debug|Any CPU.Build.0 = Debug|Any CPU
		{41825A4D-D2B1-47ED-8B4F-ED89F4F15BB3}.Release|Any CPU.ActiveCfg = Release|Any CPU
		{41825A4D-D2B1-47ED-8B4F-ED89F4F15BB3}.Release|Any CPU.Build.0 = Release|Any CPU
	EndGlobalSection
	GlobalSection(SolutionProperties) = preSolution
		HideSolutionNode = FALSE
	EndGlobalSection
	GlobalSection(ExtensibilityGlobals) = postSolution
		SolutionGuid = {7DF49616-C531-40E1-9460-A8C970DDE0EA}
	EndGlobalSection
EndGlobal
